
Microsoft Visual Studio Solution File, Format Version 12.00
# Visual Studio Version 16
VisualStudioVersion = 16.0.30621.155
MinimumVisualStudioVersion = 10.0.40219.1
Project("{FAE04EC0-301F-11D3-BF4B-00C04F79EFBC}") = "rull", "rull\rull.csproj", "{64D6B8A4-31F0-49D6-8A43-767C36C9570C}"
EndProject
Global
	GlobalSection(SolutionConfigurationPlatforms) = preSolution
		Debug|Any CPU = Debug|Any CPU
		Release|Any CPU = Release|Any CPU
	EndGlobalSection
	GlobalSection(ProjectConfigurationPlatforms) = postSolution
		{64D6B8A4-31F0-49D6-8A43-767C36C9570C}.Debug|Any CPU.ActiveCfg = Debug|Any CPU
		{64D6B8A4-31F0-49D6-8A43-767C36C9570C}.Debug|Any CPU.Build.0 = Debug|Any CPU
		{64D6B8A4-31F0-49D6-8A43-767C36C9570C}.Release|Any CPU.ActiveCfg = Release|Any CPU
		{64D6B8A4-31F0-49D6-8A43-767C36C9570C}.Release|Any CPU.Build.0 = Release|Any CPU
	EndGlobalSection
	GlobalSection(SolutionProperties) = preSolution
		HideSolutionNode = FALSE
	EndGlobalSection
	GlobalSection(ExtensibilityGlobals) = postSolution
		SolutionGuid = {339225CC-4842-4C9E-9480-D2BFF17B4850}
	EndGlobalSection
EndGlobal
